// !$*UTF8*$!
{
	archiveVersion = 1;
	classes = {
	};
	objectVersion = 50;
	objects = {

/* Begin PBXBuildFile section */
		08B710DC222EB44C0022CC56 /* AppDelegate.swift in Sources */ = {isa = PBXBuildFile; fileRef = 08B710DB222EB44C0022CC56 /* AppDelegate.swift */; };
		08B710DE222EB44E0022CC56 /* Assets.xcassets in Resources */ = {isa = PBXBuildFile; fileRef = 08B710DD222EB44E0022CC56 /* Assets.xcassets */; };
		08B710E1222EB44E0022CC56 /* MainMenu.xib in Resources */ = {isa = PBXBuildFile; fileRef = 08B710DF222EB44E0022CC56 /* MainMenu.xib */; };
		08B710EA222EB8E40022CC56 /* Auth0.plist in Resources */ = {isa = PBXBuildFile; fileRef = 08B710E9222EB8E40022CC56 /* Auth0.plist */; };
		08B710F1222F2FC30022CC56 /* Auth0.framework in Frameworks */ = {isa = PBXBuildFile; fileRef = 08B710F0222F2FC30022CC56 /* Auth0.framework */; };
		08B710F3222F2FCD0022CC56 /* SimpleKeychain.framework in Frameworks */ = {isa = PBXBuildFile; fileRef = 08B710F2222F2FCD0022CC56 /* SimpleKeychain.framework */; };
/* End PBXBuildFile section */

/* Begin PBXFileReference section */
		08B710D8222EB44C0022CC56 /* Auth0Sample.app */ = {isa = PBXFileReference; explicitFileType = wrapper.application; includeInIndex = 0; path = Auth0Sample.app; sourceTree = BUILT_PRODUCTS_DIR; };
		08B710DB222EB44C0022CC56 /* AppDelegate.swift */ = {isa = PBXFileReference; lastKnownFileType = sourcecode.swift; path = AppDelegate.swift; sourceTree = "<group>"; };
		08B710DD222EB44E0022CC56 /* Assets.xcassets */ = {isa = PBXFileReference; lastKnownFileType = folder.assetcatalog; path = Assets.xcassets; sourceTree = "<group>"; };
		08B710E0222EB44E0022CC56 /* Base */ = {isa = PBXFileReference; lastKnownFileType = file.xib; name = Base; path = Base.lproj/MainMenu.xib; sourceTree = "<group>"; };
		08B710E2222EB44E0022CC56 /* Info.plist */ = {isa = PBXFileReference; lastKnownFileType = text.plist.xml; path = Info.plist; sourceTree = "<group>"; };
		08B710E3222EB44E0022CC56 /* Auth0Sample.entitlements */ = {isa = PBXFileReference; lastKnownFileType = text.plist.entitlements; path = Auth0Sample.entitlements; sourceTree = "<group>"; };
		08B710E9222EB8E40022CC56 /* Auth0.plist */ = {isa = PBXFileReference; lastKnownFileType = text.plist.xml; path = Auth0.plist; sourceTree = "<group>"; };
		08B710F0222F2FC30022CC56 /* Auth0.framework */ = {isa = PBXFileReference; lastKnownFileType = wrapper.framework; name = Auth0.framework; path = Carthage/Build/Mac/Auth0.framework; sourceTree = "<group>"; };
		08B710F2222F2FCD0022CC56 /* SimpleKeychain.framework */ = {isa = PBXFileReference; lastKnownFileType = wrapper.framework; name = SimpleKeychain.framework; path = Carthage/Build/Mac/SimpleKeychain.framework; sourceTree = "<group>"; };
/* End PBXFileReference section */

/* Begin PBXFrameworksBuildPhase section */
		08B710D5222EB44C0022CC56 /* Frameworks */ = {
			isa = PBXFrameworksBuildPhase;
			buildActionMask = 2147483647;
			files = (
				08B710F3222F2FCD0022CC56 /* SimpleKeychain.framework in Frameworks */,
				08B710F1222F2FC30022CC56 /* Auth0.framework in Frameworks */,
			);
			runOnlyForDeploymentPostprocessing = 0;
		};
/* End PBXFrameworksBuildPhase section */

/* Begin PBXGroup section */
		08B710CF222EB44C0022CC56 = {
			isa = PBXGroup;
			children = (
				08B710DA222EB44C0022CC56 /* Auth0Sample */,
				08B710D9222EB44C0022CC56 /* Products */,
				08B710EF222F2FC20022CC56 /* Frameworks */,
			);
			sourceTree = "<group>";
		};
		08B710D9222EB44C0022CC56 /* Products */ = {
			isa = PBXGroup;
			children = (
				08B710D8222EB44C0022CC56 /* Auth0Sample.app */,
			);
			name = Products;
			sourceTree = "<group>";
		};
		08B710DA222EB44C0022CC56 /* Auth0Sample */ = {
			isa = PBXGroup;
			children = (
				08B710DB222EB44C0022CC56 /* AppDelegate.swift */,
				08B710DD222EB44E0022CC56 /* Assets.xcassets */,
				08B710DF222EB44E0022CC56 /* MainMenu.xib */,
				08B710E2222EB44E0022CC56 /* Info.plist */,
				08B710E9222EB8E40022CC56 /* Auth0.plist */,
				08B710E3222EB44E0022CC56 /* Auth0Sample.entitlements */,
			);
			path = Auth0Sample;
			sourceTree = "<group>";
		};
		08B710EF222F2FC20022CC56 /* Frameworks */ = {
			isa = PBXGroup;
			children = (
				08B710F2222F2FCD0022CC56 /* SimpleKeychain.framework */,
				08B710F0222F2FC30022CC56 /* Auth0.framework */,
			);
			name = Frameworks;
			sourceTree = "<group>";
		};
/* End PBXGroup section */

/* Begin PBXNativeTarget section */
		08B710D7222EB44C0022CC56 /* Auth0Sample */ = {
			isa = PBXNativeTarget;
			buildConfigurationList = 08B710E6222EB44E0022CC56 /* Build configuration list for PBXNativeTarget "Auth0Sample" */;
			buildPhases = (
				08B710D4222EB44C0022CC56 /* Sources */,
				08B710D5222EB44C0022CC56 /* Frameworks */,
				08B710D6222EB44C0022CC56 /* Resources */,
				08B710EE222F2EFE0022CC56 /* ShellScript */,
			);
			buildRules = (
			);
			dependencies = (
			);
			name = Auth0Sample;
			productName = Auth0Sample;
			productReference = 08B710D8222EB44C0022CC56 /* Auth0Sample.app */;
			productType = "com.apple.product-type.application";
		};
/* End PBXNativeTarget section */

/* Begin PBXProject section */
		08B710D0222EB44C0022CC56 /* Project object */ = {
			isa = PBXProject;
			attributes = {
				LastSwiftUpdateCheck = 1010;
				LastUpgradeCheck = 1010;
				ORGANIZATIONNAME = "Atsushi Jike";
				TargetAttributes = {
					08B710D7222EB44C0022CC56 = {
						CreatedOnToolsVersion = 10.1;
					};
				};
			};
			buildConfigurationList = 08B710D3222EB44C0022CC56 /* Build configuration list for PBXProject "Auth0Sample" */;
			compatibilityVersion = "Xcode 9.3";
			developmentRegion = en;
			hasScannedForEncodings = 0;
			knownRegions = (
				en,
				Base,
			);
			mainGroup = 08B710CF222EB44C0022CC56;
			productRefGroup = 08B710D9222EB44C0022CC56 /* Products */;
			projectDirPath = "";
			projectRoot = "";
			targets = (
				08B710D7222EB44C0022CC56 /* Auth0Sample */,
			);
		};
/* End PBXProject section */

/* Begin PBXResourcesBuildPhase section */
		08B710D6222EB44C0022CC56 /* Resources */ = {
			isa = PBXResourcesBuildPhase;
			buildActionMask = 2147483647;
			files = (
				08B710DE222EB44E0022CC56 /* Assets.xcassets in Resources */,
				08B710EA222EB8E40022CC56 /* Auth0.plist in Resources */,
				08B710E1222EB44E0022CC56 /* MainMenu.xib in Resources */,
			);
			runOnlyForDeploymentPostprocessing = 0;
		};
/* End PBXResourcesBuildPhase section */

/* Begin PBXShellScriptBuildPhase section */
		08B710EE222F2EFE0022CC56 /* ShellScript */ = {
			isa = PBXShellScriptBuildPhase;
			buildActionMask = 2147483647;
			files = (
			);
			inputFileListPaths = (
			);
			inputPaths = (
				"$(SRCROOT)/Carthage/Build/Mac/Auth0.framework",
				"$(SRCROOT)/Carthage/Build/Mac/SimpleKeychain.framework",
			);
			outputFileListPaths = (
			);
			outputPaths = (
			);
			runOnlyForDeploymentPostprocessing = 0;
			shellPath = /bin/sh;
			shellScript = "/usr/local/bin/carthage copy-frameworks\n";
		};
/* End PBXShellScriptBuildPhase section */

/* Begin PBXSourcesBuildPhase section */
		08B710D4222EB44C0022CC56 /* Sources */ = {
			isa = PBXSourcesBuildPhase;
			buildActionMask = 2147483647;
			files = (
				08B710DC222EB44C0022CC56 /* AppDelegate.swift in Sources */,
			);
			runOnlyForDeploymentPostprocessing = 0;
		};
/* End PBXSourcesBuildPhase section */

/* Begin PBXVariantGroup section */
		08B710DF222EB44E0022CC56 /* MainMenu.xib */ = {
			isa = PBXVariantGroup;
			children = (
				08B710E0222EB44E0022CC56 /* Base */,
			);
			name = MainMenu.xib;
			sourceTree = "<group>";
		};
/* End PBXVariantGroup section */

/* Begin XCBuildConfiguration section */
		08B710E4222EB44E0022CC56 /* Debug */ = {
			isa = XCBuildConfiguration;
			buildSettings = {
				ALWAYS_SEARCH_USER_PATHS = NO;
				CLANG_ANALYZER_NONNULL = YES;
				CLANG_ANALYZER_NUMBER_OBJECT_CONVERSION = YES_AGGRESSIVE;
				CLANG_CXX_LANGUAGE_STANDARD = "gnu++14";
				CLANG_CXX_LIBRARY = "libc++";
				CLANG_ENABLE_MODULES = YES;
				CLANG_ENABLE_OBJC_ARC = YES;
				CLANG_ENABLE_OBJC_WEAK = YES;
				CLANG_WARN_BLOCK_CAPTURE_AUTORELEASING = YES;
				CLANG_WARN_BOOL_CONVERSION = YES;
				CLANG_WARN_COMMA = YES;
				CLANG_WARN_CONSTANT_CONVERSION = YES;
				CLANG_WARN_DEPRECATED_OBJC_IMPLEMENTATIONS = YES;
				CLANG_WARN_DIRECT_OBJC_ISA_USAGE = YES_ERROR;
				CLANG_WARN_DOCUMENTATION_COMMENTS = YES;
				CLANG_WARN_EMPTY_BODY = YES;
				CLANG_WARN_ENUM_CONVERSION = YES;
				CLANG_WARN_INFINITE_RECURSION = YES;
				CLANG_WARN_INT_CONVERSION = YES;
				CLANG_WARN_NON_LITERAL_NULL_CONVERSION = YES;
				CLANG_WARN_OBJC_IMPLICIT_RETAIN_SELF = YES;
				CLANG_WARN_OBJC_LITERAL_CONVERSION = YES;
				CLANG_WARN_OBJC_ROOT_CLASS = YES_ERROR;
				CLANG_WARN_RANGE_LOOP_ANALYSIS = YES;
				CLANG_WARN_STRICT_PROTOTYPES = YES;
				CLANG_WARN_SUSPICIOUS_MOVE = YES;
				CLANG_WARN_UNGUARDED_AVAILABILITY = YES_AGGRESSIVE;
				CLANG_WARN_UNREACHABLE_CODE = YES;
				CLANG_WARN__DUPLICATE_METHOD_MATCH = YES;
				CODE_SIGN_IDENTITY = "-";
				COPY_PHASE_STRIP = NO;
				DEBUG_INFORMATION_FORMAT = dwarf;
				ENABLE_STRICT_OBJC_MSGSEND = YES;
				ENABLE_TESTABILITY = YES;
				GCC_C_LANGUAGE_STANDARD = gnu11;
				GCC_DYNAMIC_NO_PIC = NO;
				GCC_NO_COMMON_BLOCKS = YES;
				GCC_OPTIMIZATION_LEVEL = 0;
				GCC_PREPROCESSOR_DEFINITIONS = (
					"DEBUG=1",
					"$(inherited)",
				);
				GCC_WARN_64_TO_32_BIT_CONVERSION = YES;
				GCC_WARN_ABOUT_RETURN_TYPE = YES_ERROR;
				GCC_WARN_UNDECLARED_SELECTOR = YES;
				GCC_WARN_UNINITIALIZED_AUTOS = YES_AGGRESSIVE;
				GCC_WARN_UNUSED_FUNCTION = YES;
				GCC_WARN_UNUSED_VARIABLE = YES;
				MACOSX_DEPLOYMENT_TARGET = 10.14;
				MTL_ENABLE_DEBUG_INFO = INCLUDE_SOURCE;
				MTL_FAST_MATH = YES;
				ONLY_ACTIVE_ARCH = YES;
				SDKROOT = macosx;
				SWIFT_ACTIVE_COMPILATION_CONDITIONS = DEBUG;
				SWIFT_OPTIMIZATION_LEVEL = "-Onone";
			};
			name = Debug;
		};
		08B710E5222EB44E0022CC56 /* Release */ = {
			isa = XCBuildConfiguration;
			buildSettings = {
				ALWAYS_SEARCH_USER_PATHS = NO;
				CLANG_ANALYZER_NONNULL = YES;
				CLANG_ANALYZER_NUMBER_OBJECT_CONVERSION = YES_AGGRESSIVE;
				CLANG_CXX_LANGUAGE_STANDARD = "gnu++14";
				CLANG_CXX_LIBRARY = "libc++";
				CLANG_ENABLE_MODULES = YES;
				CLANG_ENABLE_OBJC_ARC = YES;
				CLANG_ENABLE_OBJC_WEAK = YES;
				CLANG_WARN_BLOCK_CAPTURE_AUTORELEASING = YES;
				CLANG_WARN_BOOL_CONVERSION = YES;
				CLANG_WARN_COMMA = YES;
				CLANG_WARN_CONSTANT_CONVERSION = YES;
				CLANG_WARN_DEPRECATED_OBJC_IMPLEMENTATIONS = YES;
				CLANG_WARN_DIRECT_OBJC_ISA_USAGE = YES_ERROR;
				CLANG_WARN_DOCUMENTATION_COMMENTS = YES;
				CLANG_WARN_EMPTY_BODY = YES;
				CLANG_WARN_ENUM_CONVERSION = YES;
				CLANG_WARN_INFINITE_RECURSION = YES;
				CLANG_WARN_INT_CONVERSION = YES;
				CLANG_WARN_NON_LITERAL_NULL_CONVERSION = YES;
				CLANG_WARN_OBJC_IMPLICIT_RETAIN_SELF = YES;
				CLANG_WARN_OBJC_LITERAL_CONVERSION = YES;
				CLANG_WARN_OBJC_ROOT_CLASS = YES_ERROR;
				CLANG_WARN_RANGE_LOOP_ANALYSIS = YES;
				CLANG_WARN_STRICT_PROTOTYPES = YES;
				CLANG_WARN_SUSPICIOUS_MOVE = YES;
				CLANG_WARN_UNGUARDED_AVAILABILITY = YES_AGGRESSIVE;
				CLANG_WARN_UNREACHABLE_CODE = YES;
				CLANG_WARN__DUPLICATE_METHOD_MATCH = YES;
				CODE_SIGN_IDENTITY = "-";
				COPY_PHASE_STRIP = NO;
				DEBUG_INFORMATION_FORMAT = "dwarf-with-dsym";
				ENABLE_NS_ASSERTIONS = NO;
				ENABLE_STRICT_OBJC_MSGSEND = YES;
				GCC_C_LANGUAGE_STANDARD = gnu11;
				GCC_NO_COMMON_BLOCKS = YES;
				GCC_WARN_64_TO_32_BIT_CONVERSION = YES;
				GCC_WARN_ABOUT_RETURN_TYPE = YES_ERROR;
				GCC_WARN_UNDECLARED_SELECTOR = YES;
				GCC_WARN_UNINITIALIZED_AUTOS = YES_AGGRESSIVE;
				GCC_WARN_UNUSED_FUNCTION = YES;
				GCC_WARN_UNUSED_VARIABLE = YES;
				MACOSX_DEPLOYMENT_TARGET = 10.14;
				MTL_ENABLE_DEBUG_INFO = NO;
				MTL_FAST_MATH = YES;
				SDKROOT = macosx;
				SWIFT_COMPILATION_MODE = wholemodule;
				SWIFT_OPTIMIZATION_LEVEL = "-O";
			};
			name = Release;
		};
		08B710E7222EB44E0022CC56 /* Debug */ = {
			isa = XCBuildConfiguration;
			buildSettings = {
				ASSETCATALOG_COMPILER_APPICON_NAME = AppIcon;
				CODE_SIGN_ENTITLEMENTS = Auth0Sample/Auth0Sample.entitlements;
				CODE_SIGN_STYLE = Automatic;
				COMBINE_HIDPI_IMAGES = YES;
				FRAMEWORK_SEARCH_PATHS = (
					"$(inherited)",
					"$(PROJECT_DIR)/Carthage/Build/Mac",
				);
				INFOPLIST_FILE = Auth0Sample/Info.plist;
				LD_RUNPATH_SEARCH_PATHS = (
					"$(inherited)",
					"@executable_path/../Frameworks",
				);
				PRODUCT_BUNDLE_IDENTIFIER = com.sevenblox.Auth0Sample;
				PRODUCT_NAME = "$(TARGET_NAME)";
				SWIFT_VERSION = 4.2;
			};
			name = Debug;
		};
		08B710E8222EB44E0022CC56 /* Release */ = {
			isa = XCBuildConfiguration;
			buildSettings = {
				ASSETCATALOG_COMPILER_APPICON_NAME = AppIcon;
				CODE_SIGN_ENTITLEMENTS = Auth0Sample/Auth0Sample.entitlements;
				CODE_SIGN_STYLE = Automatic;
				COMBINE_HIDPI_IMAGES = YES;
				FRAMEWORK_SEARCH_PATHS = (
					"$(inherited)",
					"$(PROJECT_DIR)/Carthage/Build/Mac",
				);
				INFOPLIST_FILE = Auth0Sample/Info.plist;
				LD_RUNPATH_SEARCH_PATHS = (
					"$(inherited)",
					"@executable_path/../Frameworks",
				);
				PRODUCT_BUNDLE_IDENTIFIER = com.sevenblox.Auth0Sample;
				PRODUCT_NAME = "$(TARGET_NAME)";
				SWIFT_VERSION = 4.2;
			};
			name = Release;
		};
/* End XCBuildConfiguration section */

/* Begin XCConfigurationList section */
		08B710D3222EB44C0022CC56 /* Build configuration list for PBXProject "Auth0Sample" */ = {
			isa = XCConfigurationList;
			buildConfigurations = (
				08B710E4222EB44E0022CC56 /* Debug */,
				08B710E5222EB44E0022CC56 /* Release */,
			);
			defaultConfigurationIsVisible = 0;
			defaultConfigurationName = Release;
		};
		08B710E6222EB44E0022CC56 /* Build configuration list for PBXNativeTarget "Auth0Sample" */ = {
			isa = XCConfigurationList;
			buildConfigurations = (
				08B710E7222EB44E0022CC56 /* Debug */,
				08B710E8222EB44E0022CC56 /* Release */,
			);
			defaultConfigurationIsVisible = 0;
			defaultConfigurationName = Release;
		};
/* End XCConfigurationList section */
	};
	rootObject = 08B710D0222EB44C0022CC56 /* Project object */;
}
